// !$*UTF8*$!
{
	archiveVersion = 1;
	classes = {
	};
	objectVersion = 46;
	objects = {

/* Begin PBXBuildFile section */
		494432EF1BF53D0B0054CE82 /* AppDelegate.swift in Sources */ = {isa = PBXBuildFile; fileRef = 494432EE1BF53D0B0054CE82 /* AppDelegate.swift */; };
		494432F41BF53D0B0054CE82 /* Main.storyboard in Resources */ = {isa = PBXBuildFile; fileRef = 494432F21BF53D0B0054CE82 /* Main.storyboard */; };
		494432F61BF53D0B0054CE82 /* Assets.xcassets in Resources */ = {isa = PBXBuildFile; fileRef = 494432F51BF53D0B0054CE82 /* Assets.xcassets */; };
		494432F91BF53D0B0054CE82 /* LaunchScreen.storyboard in Resources */ = {isa = PBXBuildFile; fileRef = 494432F71BF53D0B0054CE82 /* LaunchScreen.storyboard */; };
		4944330A1BF545190054CE82 /* ProfileTableViewController.swift in Sources */ = {isa = PBXBuildFile; fileRef = 494433091BF545190054CE82 /* ProfileTableViewController.swift */; };
		4944330C1BF545800054CE82 /* FoodSelectTableViewController.swift in Sources */ = {isa = PBXBuildFile; fileRef = 4944330B1BF545800054CE82 /* FoodSelectTableViewController.swift */; };
		4944330E1BF546BF0054CE82 /* TipsTableViewController.swift in Sources */ = {isa = PBXBuildFile; fileRef = 4944330D1BF546BF0054CE82 /* TipsTableViewController.swift */; };
		494433141BF549D60054CE82 /* FoodItem.swift in Sources */ = {isa = PBXBuildFile; fileRef = 494433131BF549D60054CE82 /* FoodItem.swift */; };
		494433161BF54A080054CE82 /* Database.swift in Sources */ = {isa = PBXBuildFile; fileRef = 494433151BF54A080054CE82 /* Database.swift */; };
		4944331A1BF54E7C0054CE82 /* CartTableViewController.swift in Sources */ = {isa = PBXBuildFile; fileRef = 494433191BF54E7C0054CE82 /* CartTableViewController.swift */; };
		4944331C1BF54F020054CE82 /* MealSelectTableViewController.swift in Sources */ = {isa = PBXBuildFile; fileRef = 4944331B1BF54F020054CE82 /* MealSelectTableViewController.swift */; };
		4944331E1BF562A40054CE82 /* FoodDetailsViewController.swift in Sources */ = {isa = PBXBuildFile; fileRef = 4944331D1BF562A40054CE82 /* FoodDetailsViewController.swift */; };
		494433201BF56CF40054CE82 /* FoodTableViewCell.swift in Sources */ = {isa = PBXBuildFile; fileRef = 4944331F1BF56CF40054CE82 /* FoodTableViewCell.swift */; };
		497DE1DC1BF6D7DC00B014ED /* ChatItem.swift in Sources */ = {isa = PBXBuildFile; fileRef = 497DE1DB1BF6D7DC00B014ED /* ChatItem.swift */; };
		49A22F861BFA989000360D21 /* BubbleChartTableViewCell.swift in Sources */ = {isa = PBXBuildFile; fileRef = 49A22F851BFA989000360D21 /* BubbleChartTableViewCell.swift */; };
		49A22F8A1BFA9D6200360D21 /* Colors.swift in Sources */ = {isa = PBXBuildFile; fileRef = 49A22F891BFA9D6200360D21 /* Colors.swift */; };
		49A37E4C1BFD98F800593BF9 /* Charts.framework in Frameworks */ = {isa = PBXBuildFile; fileRef = 49A37E471BFD981B00593BF9 /* Charts.framework */; };
		49A37E4D1BFD98F800593BF9 /* Charts.framework in Embed Frameworks */ = {isa = PBXBuildFile; fileRef = 49A37E471BFD981B00593BF9 /* Charts.framework */; settings = {ATTRIBUTES = (CodeSignOnCopy, RemoveHeadersOnCopy, ); }; };
		49DA213E1BF6A0AD00C474DB /* UIPaddedLabel.swift in Sources */ = {isa = PBXBuildFile; fileRef = 49DA213D1BF6A0AD00C474DB /* UIPaddedLabel.swift */; };
		49DA21401BF6A57B00C474DB /* ChatTableViewCell.swift in Sources */ = {isa = PBXBuildFile; fileRef = 49DA213F1BF6A57B00C474DB /* ChatTableViewCell.swift */; };
		49E511A91BFA8C1700F0255F /* DataTableViewController.swift in Sources */ = {isa = PBXBuildFile; fileRef = 49E511A81BFA8C1700F0255F /* DataTableViewController.swift */; };
		49E511AB1BFA8C9800F0255F /* PieChartTableViewCell.swift in Sources */ = {isa = PBXBuildFile; fileRef = 49E511AA1BFA8C9800F0255F /* PieChartTableViewCell.swift */; };
		CF05FD3B1BFDAA5D00E1B18C /* ProfileDietaryGoals.swift in Sources */ = {isa = PBXBuildFile; fileRef = CF05FD3A1BFDAA5D00E1B18C /* ProfileDietaryGoals.swift */; };
		CF9235FF1BFEEF3A001EC1F3 /* TableViewSwitchCell.swift in Sources */ = {isa = PBXBuildFile; fileRef = CF9235FE1BFEEF3A001EC1F3 /* TableViewSwitchCell.swift */; };
		CF9236031BFEFEB5001EC1F3 /* TableViewMoreCell.swift in Sources */ = {isa = PBXBuildFile; fileRef = CF9236021BFEFEB5001EC1F3 /* TableViewMoreCell.swift */; };
		CF9236051BFF02C2001EC1F3 /* ProfileConstants.swift in Sources */ = {isa = PBXBuildFile; fileRef = CF9236041BFF02C2001EC1F3 /* ProfileConstants.swift */; };
		CFA029A11BFE6FC200AB6B74 /* TableViewSliderCell.swift in Sources */ = {isa = PBXBuildFile; fileRef = CFA029A01BFE6FC200AB6B74 /* TableViewSliderCell.swift */; };
		CFF2B4C11BFDD06200C9C07D /* ProfileMoreRestrictionsController.swift in Sources */ = {isa = PBXBuildFile; fileRef = CFF2B4C01BFDD06200C9C07D /* ProfileMoreRestrictionsController.swift */; };
/* End PBXBuildFile section */

/* Begin PBXContainerItemProxy section */
		49A37E461BFD981B00593BF9 /* PBXContainerItemProxy */ = {
			isa = PBXContainerItemProxy;
			containerPortal = 49A37E401BFD981B00593BF9 /* Charts.xcodeproj */;
			proxyType = 2;
			remoteGlobalIDString = 5BA8EC401A9D14DC00CE82E1;
			remoteInfo = "Charts-iOS";
		};
		49A37E481BFD981B00593BF9 /* PBXContainerItemProxy */ = {
			isa = PBXContainerItemProxy;
			containerPortal = 49A37E401BFD981B00593BF9 /* Charts.xcodeproj */;
			proxyType = 2;
			remoteGlobalIDString = A52C5C371BAC5CA400594CDD;
			remoteInfo = "Charts-TV";
		};
		49A37E4A1BFD981B00593BF9 /* PBXContainerItemProxy */ = {
			isa = PBXContainerItemProxy;
			containerPortal = 49A37E401BFD981B00593BF9 /* Charts.xcodeproj */;
			proxyType = 2;
			remoteGlobalIDString = 06AEE7A21BDC3F8B009875AE;
			remoteInfo = ChartsTests;
		};
		49A37E4E1BFD98F800593BF9 /* PBXContainerItemProxy */ = {
			isa = PBXContainerItemProxy;
			containerPortal = 49A37E401BFD981B00593BF9 /* Charts.xcodeproj */;
			proxyType = 1;
			remoteGlobalIDString = 5BA8EC3F1A9D14DC00CE82E1;
			remoteInfo = "Charts-iOS";
		};
/* End PBXContainerItemProxy section */

/* Begin PBXCopyFilesBuildPhase section */
		49E511A71BFA826B00F0255F /* Embed Frameworks */ = {
			isa = PBXCopyFilesBuildPhase;
			buildActionMask = 2147483647;
			dstPath = "";
			dstSubfolderSpec = 10;
			files = (
				49A37E4D1BFD98F800593BF9 /* Charts.framework in Embed Frameworks */,
			);
			name = "Embed Frameworks";
			runOnlyForDeploymentPostprocessing = 0;
		};
/* End PBXCopyFilesBuildPhase section */

/* Begin PBXFileReference section */
		494432EB1BF53D0B0054CE82 /* nutrigood.app */ = {isa = PBXFileReference; explicitFileType = wrapper.application; includeInIndex = 0; path = nutrigood.app; sourceTree = BUILT_PRODUCTS_DIR; };
		494432EE1BF53D0B0054CE82 /* AppDelegate.swift */ = {isa = PBXFileReference; lastKnownFileType = sourcecode.swift; path = AppDelegate.swift; sourceTree = "<group>"; };
		494432F31BF53D0B0054CE82 /* Base */ = {isa = PBXFileReference; lastKnownFileType = file.storyboard; name = Base; path = Base.lproj/Main.storyboard; sourceTree = "<group>"; };
		494432F51BF53D0B0054CE82 /* Assets.xcassets */ = {isa = PBXFileReference; lastKnownFileType = folder.assetcatalog; path = Assets.xcassets; sourceTree = "<group>"; };
		494432F81BF53D0B0054CE82 /* Base */ = {isa = PBXFileReference; lastKnownFileType = file.storyboard; name = Base; path = Base.lproj/LaunchScreen.storyboard; sourceTree = "<group>"; };
		494432FA1BF53D0B0054CE82 /* Info.plist */ = {isa = PBXFileReference; lastKnownFileType = text.plist.xml; path = Info.plist; sourceTree = "<group>"; };
		494433091BF545190054CE82 /* ProfileTableViewController.swift */ = {isa = PBXFileReference; fileEncoding = 4; lastKnownFileType = sourcecode.swift; path = ProfileTableViewController.swift; sourceTree = "<group>"; };
		4944330B1BF545800054CE82 /* FoodSelectTableViewController.swift */ = {isa = PBXFileReference; fileEncoding = 4; lastKnownFileType = sourcecode.swift; path = FoodSelectTableViewController.swift; sourceTree = "<group>"; };
		4944330D1BF546BF0054CE82 /* TipsTableViewController.swift */ = {isa = PBXFileReference; fileEncoding = 4; lastKnownFileType = sourcecode.swift; path = TipsTableViewController.swift; sourceTree = "<group>"; };
		494433131BF549D60054CE82 /* FoodItem.swift */ = {isa = PBXFileReference; fileEncoding = 4; lastKnownFileType = sourcecode.swift; path = FoodItem.swift; sourceTree = "<group>"; };
		494433151BF54A080054CE82 /* Database.swift */ = {isa = PBXFileReference; fileEncoding = 4; lastKnownFileType = sourcecode.swift; path = Database.swift; sourceTree = "<group>"; };
		494433191BF54E7C0054CE82 /* CartTableViewController.swift */ = {isa = PBXFileReference; fileEncoding = 4; lastKnownFileType = sourcecode.swift; path = CartTableViewController.swift; sourceTree = "<group>"; };
		4944331B1BF54F020054CE82 /* MealSelectTableViewController.swift */ = {isa = PBXFileReference; fileEncoding = 4; lastKnownFileType = sourcecode.swift; path = MealSelectTableViewController.swift; sourceTree = "<group>"; };
		4944331D1BF562A40054CE82 /* FoodDetailsViewController.swift */ = {isa = PBXFileReference; fileEncoding = 4; lastKnownFileType = sourcecode.swift; path = FoodDetailsViewController.swift; sourceTree = "<group>"; };
		4944331F1BF56CF40054CE82 /* FoodTableViewCell.swift */ = {isa = PBXFileReference; fileEncoding = 4; lastKnownFileType = sourcecode.swift; path = FoodTableViewCell.swift; sourceTree = "<group>"; };
		497DE1DB1BF6D7DC00B014ED /* ChatItem.swift */ = {isa = PBXFileReference; fileEncoding = 4; lastKnownFileType = sourcecode.swift; path = ChatItem.swift; sourceTree = "<group>"; };
		49A22F851BFA989000360D21 /* BubbleChartTableViewCell.swift */ = {isa = PBXFileReference; fileEncoding = 4; lastKnownFileType = sourcecode.swift; path = BubbleChartTableViewCell.swift; sourceTree = "<group>"; };
		49A22F891BFA9D6200360D21 /* Colors.swift */ = {isa = PBXFileReference; fileEncoding = 4; lastKnownFileType = sourcecode.swift; path = Colors.swift; sourceTree = "<group>"; };
		49A37E401BFD981B00593BF9 /* Charts.xcodeproj */ = {isa = PBXFileReference; lastKnownFileType = "wrapper.pb-project"; name = Charts.xcodeproj; path = Charts/Charts.xcodeproj; sourceTree = "<group>"; };
		49DA213D1BF6A0AD00C474DB /* UIPaddedLabel.swift */ = {isa = PBXFileReference; fileEncoding = 4; lastKnownFileType = sourcecode.swift; path = UIPaddedLabel.swift; sourceTree = "<group>"; };
		49DA213F1BF6A57B00C474DB /* ChatTableViewCell.swift */ = {isa = PBXFileReference; fileEncoding = 4; lastKnownFileType = sourcecode.swift; path = ChatTableViewCell.swift; sourceTree = "<group>"; };
		49E511A81BFA8C1700F0255F /* DataTableViewController.swift */ = {isa = PBXFileReference; fileEncoding = 4; lastKnownFileType = sourcecode.swift; path = DataTableViewController.swift; sourceTree = "<group>"; };
		49E511AA1BFA8C9800F0255F /* PieChartTableViewCell.swift */ = {isa = PBXFileReference; fileEncoding = 4; lastKnownFileType = sourcecode.swift; path = PieChartTableViewCell.swift; sourceTree = "<group>"; };
		CF05FD3A1BFDAA5D00E1B18C /* ProfileDietaryGoals.swift */ = {isa = PBXFileReference; fileEncoding = 4; lastKnownFileType = sourcecode.swift; path = ProfileDietaryGoals.swift; sourceTree = "<group>"; };
		CF9235FE1BFEEF3A001EC1F3 /* TableViewSwitchCell.swift */ = {isa = PBXFileReference; fileEncoding = 4; lastKnownFileType = sourcecode.swift; path = TableViewSwitchCell.swift; sourceTree = "<group>"; };
		CF9236021BFEFEB5001EC1F3 /* TableViewMoreCell.swift */ = {isa = PBXFileReference; fileEncoding = 4; lastKnownFileType = sourcecode.swift; path = TableViewMoreCell.swift; sourceTree = "<group>"; };
		CF9236041BFF02C2001EC1F3 /* ProfileConstants.swift */ = {isa = PBXFileReference; fileEncoding = 4; lastKnownFileType = sourcecode.swift; path = ProfileConstants.swift; sourceTree = "<group>"; };
		CFA029A01BFE6FC200AB6B74 /* TableViewSliderCell.swift */ = {isa = PBXFileReference; fileEncoding = 4; lastKnownFileType = sourcecode.swift; path = TableViewSliderCell.swift; sourceTree = "<group>"; };
		CFF2B4C01BFDD06200C9C07D /* ProfileMoreRestrictionsController.swift */ = {isa = PBXFileReference; fileEncoding = 4; lastKnownFileType = sourcecode.swift; path = ProfileMoreRestrictionsController.swift; sourceTree = "<group>"; };
/* End PBXFileReference section */

/* Begin PBXFrameworksBuildPhase section */
		494432E81BF53D0B0054CE82 /* Frameworks */ = {
			isa = PBXFrameworksBuildPhase;
			buildActionMask = 2147483647;
			files = (
				49A37E4C1BFD98F800593BF9 /* Charts.framework in Frameworks */,
			);
			runOnlyForDeploymentPostprocessing = 0;
		};
/* End PBXFrameworksBuildPhase section */

/* Begin PBXGroup section */
		494432E21BF53D0B0054CE82 = {
			isa = PBXGroup;
			children = (
				49A37E401BFD981B00593BF9 /* Charts.xcodeproj */,
				494432ED1BF53D0B0054CE82 /* nutrigood */,
				494432EC1BF53D0B0054CE82 /* Products */,
			);
			sourceTree = "<group>";
		};
		494432EC1BF53D0B0054CE82 /* Products */ = {
			isa = PBXGroup;
			children = (
				494432EB1BF53D0B0054CE82 /* nutrigood.app */,
			);
			name = Products;
			sourceTree = "<group>";
		};
		494432ED1BF53D0B0054CE82 /* nutrigood */ = {
			isa = PBXGroup;
			children = (
				494433001BF540800054CE82 /* supporting */,
				494432F21BF53D0B0054CE82 /* Main.storyboard */,
				4944330F1BF549AB0054CE82 /* Data */,
				494433101BF549B10054CE82 /* FoodSelection */,
				494433111BF549B80054CE82 /* Tips */,
				494433121BF549BD0054CE82 /* Profile */,
				494432F51BF53D0B0054CE82 /* Assets.xcassets */,
			);
			path = nutrigood;
			sourceTree = "<group>";
		};
		494433001BF540800054CE82 /* supporting */ = {
			isa = PBXGroup;
			children = (
				494432EE1BF53D0B0054CE82 /* AppDelegate.swift */,
				494432F71BF53D0B0054CE82 /* LaunchScreen.storyboard */,
				494432FA1BF53D0B0054CE82 /* Info.plist */,
				49A22F891BFA9D6200360D21 /* Colors.swift */,
			);
			name = supporting;
			sourceTree = "<group>";
		};
		4944330F1BF549AB0054CE82 /* Data */ = {
			isa = PBXGroup;
			children = (
				49E511A81BFA8C1700F0255F /* DataTableViewController.swift */,
				49E511AA1BFA8C9800F0255F /* PieChartTableViewCell.swift */,
				49A22F851BFA989000360D21 /* BubbleChartTableViewCell.swift */,
			);
			name = Data;
			sourceTree = "<group>";
		};
		494433101BF549B10054CE82 /* FoodSelection */ = {
			isa = PBXGroup;
			children = (
				4944331B1BF54F020054CE82 /* MealSelectTableViewController.swift */,
				4944330B1BF545800054CE82 /* FoodSelectTableViewController.swift */,
				4944331D1BF562A40054CE82 /* FoodDetailsViewController.swift */,
				4944331F1BF56CF40054CE82 /* FoodTableViewCell.swift */,
				494433191BF54E7C0054CE82 /* CartTableViewController.swift */,
				494433131BF549D60054CE82 /* FoodItem.swift */,
				494433151BF54A080054CE82 /* Database.swift */,
			);
			name = FoodSelection;
			sourceTree = "<group>";
		};
		494433111BF549B80054CE82 /* Tips */ = {
			isa = PBXGroup;
			children = (
				4944330D1BF546BF0054CE82 /* TipsTableViewController.swift */,
				49DA213D1BF6A0AD00C474DB /* UIPaddedLabel.swift */,
				497DE1DB1BF6D7DC00B014ED /* ChatItem.swift */,
				49DA213F1BF6A57B00C474DB /* ChatTableViewCell.swift */,
			);
			name = Tips;
			sourceTree = "<group>";
		};
		494433121BF549BD0054CE82 /* Profile */ = {
			isa = PBXGroup;
			children = (
				494433091BF545190054CE82 /* ProfileTableViewController.swift */,
				CF05FD3A1BFDAA5D00E1B18C /* ProfileDietaryGoals.swift */,
				CFF2B4C01BFDD06200C9C07D /* ProfileMoreRestrictionsController.swift */,
				CFA029A01BFE6FC200AB6B74 /* TableViewSliderCell.swift */,
				CF9235FE1BFEEF3A001EC1F3 /* TableViewSwitchCell.swift */,
				CF9236021BFEFEB5001EC1F3 /* TableViewMoreCell.swift */,
				CF9236041BFF02C2001EC1F3 /* ProfileConstants.swift */,
			);
			name = Profile;
			sourceTree = "<group>";
		};
		49A37E411BFD981B00593BF9 /* Products */ = {
			isa = PBXGroup;
			children = (
				49A37E471BFD981B00593BF9 /* Charts.framework */,
				49A37E491BFD981B00593BF9 /* Charts.framework */,
				49A37E4B1BFD981B00593BF9 /* ChartsTests.xctest */,
			);
			name = Products;
			sourceTree = "<group>";
		};
/* End PBXGroup section */

/* Begin PBXNativeTarget section */
		494432EA1BF53D0B0054CE82 /* nutrigood */ = {
			isa = PBXNativeTarget;
			buildConfigurationList = 494432FD1BF53D0B0054CE82 /* Build configuration list for PBXNativeTarget "nutrigood" */;
			buildPhases = (
				494432E71BF53D0B0054CE82 /* Sources */,
				494432E81BF53D0B0054CE82 /* Frameworks */,
				494432E91BF53D0B0054CE82 /* Resources */,
				49E511A71BFA826B00F0255F /* Embed Frameworks */,
			);
			buildRules = (
			);
			dependencies = (
				49A37E4F1BFD98F800593BF9 /* PBXTargetDependency */,
			);
			name = nutrigood;
			productName = nutrigood;
			productReference = 494432EB1BF53D0B0054CE82 /* nutrigood.app */;
			productType = "com.apple.product-type.application";
		};
/* End PBXNativeTarget section */

/* Begin PBXProject section */
		494432E31BF53D0B0054CE82 /* Project object */ = {
			isa = PBXProject;
			attributes = {
				LastSwiftUpdateCheck = 0710;
				LastUpgradeCheck = 0710;
				ORGANIZATIONNAME = "Fang Industries";
				TargetAttributes = {
					494432EA1BF53D0B0054CE82 = {
						CreatedOnToolsVersion = 7.1;
					};
				};
			};
			buildConfigurationList = 494432E61BF53D0B0054CE82 /* Build configuration list for PBXProject "nutrigood" */;
			compatibilityVersion = "Xcode 3.2";
			developmentRegion = English;
			hasScannedForEncodings = 0;
			knownRegions = (
				en,
				Base,
			);
			mainGroup = 494432E21BF53D0B0054CE82;
			productRefGroup = 494432EC1BF53D0B0054CE82 /* Products */;
			projectDirPath = "";
			projectReferences = (
				{
					ProductGroup = 49A37E411BFD981B00593BF9 /* Products */;
					ProjectRef = 49A37E401BFD981B00593BF9 /* Charts.xcodeproj */;
				},
			);
			projectRoot = "";
			targets = (
				494432EA1BF53D0B0054CE82 /* nutrigood */,
			);
		};
/* End PBXProject section */

/* Begin PBXReferenceProxy section */
		49A37E471BFD981B00593BF9 /* Charts.framework */ = {
			isa = PBXReferenceProxy;
			fileType = wrapper.framework;
			path = Charts.framework;
			remoteRef = 49A37E461BFD981B00593BF9 /* PBXContainerItemProxy */;
			sourceTree = BUILT_PRODUCTS_DIR;
		};
		49A37E491BFD981B00593BF9 /* Charts.framework */ = {
			isa = PBXReferenceProxy;
			fileType = wrapper.framework;
			path = Charts.framework;
			remoteRef = 49A37E481BFD981B00593BF9 /* PBXContainerItemProxy */;
			sourceTree = BUILT_PRODUCTS_DIR;
		};
		49A37E4B1BFD981B00593BF9 /* ChartsTests.xctest */ = {
			isa = PBXReferenceProxy;
			fileType = wrapper.cfbundle;
			path = ChartsTests.xctest;
			remoteRef = 49A37E4A1BFD981B00593BF9 /* PBXContainerItemProxy */;
			sourceTree = BUILT_PRODUCTS_DIR;
		};
/* End PBXReferenceProxy section */

/* Begin PBXResourcesBuildPhase section */
		494432E91BF53D0B0054CE82 /* Resources */ = {
			isa = PBXResourcesBuildPhase;
			buildActionMask = 2147483647;
			files = (
				494432F91BF53D0B0054CE82 /* LaunchScreen.storyboard in Resources */,
				494432F61BF53D0B0054CE82 /* Assets.xcassets in Resources */,
				494432F41BF53D0B0054CE82 /* Main.storyboard in Resources */,
			);
			runOnlyForDeploymentPostprocessing = 0;
		};
/* End PBXResourcesBuildPhase section */

/* Begin PBXSourcesBuildPhase section */
		494432E71BF53D0B0054CE82 /* Sources */ = {
			isa = PBXSourcesBuildPhase;
			buildActionMask = 2147483647;
			files = (
				CF9236031BFEFEB5001EC1F3 /* TableViewMoreCell.swift in Sources */,
				494433201BF56CF40054CE82 /* FoodTableViewCell.swift in Sources */,
				497DE1DC1BF6D7DC00B014ED /* ChatItem.swift in Sources */,
				CF9235FF1BFEEF3A001EC1F3 /* TableViewSwitchCell.swift in Sources */,
				49DA213E1BF6A0AD00C474DB /* UIPaddedLabel.swift in Sources */,
				49A22F8A1BFA9D6200360D21 /* Colors.swift in Sources */,
				4944331A1BF54E7C0054CE82 /* CartTableViewController.swift in Sources */,
				4944330E1BF546BF0054CE82 /* TipsTableViewController.swift in Sources */,
				4944330A1BF545190054CE82 /* ProfileTableViewController.swift in Sources */,
				4944330C1BF545800054CE82 /* FoodSelectTableViewController.swift in Sources */,
				494433141BF549D60054CE82 /* FoodItem.swift in Sources */,
				CF05FD3B1BFDAA5D00E1B18C /* ProfileDietaryGoals.swift in Sources */,
				494433161BF54A080054CE82 /* Database.swift in Sources */,
				CFF2B4C11BFDD06200C9C07D /* ProfileMoreRestrictionsController.swift in Sources */,
				49E511A91BFA8C1700F0255F /* DataTableViewController.swift in Sources */,
				49A22F861BFA989000360D21 /* BubbleChartTableViewCell.swift in Sources */,
				CFA029A11BFE6FC200AB6B74 /* TableViewSliderCell.swift in Sources */,
				CF9236051BFF02C2001EC1F3 /* ProfileConstants.swift in Sources */,
				4944331E1BF562A40054CE82 /* FoodDetailsViewController.swift in Sources */,
				49E511AB1BFA8C9800F0255F /* PieChartTableViewCell.swift in Sources */,
				494432EF1BF53D0B0054CE82 /* AppDelegate.swift in Sources */,
				49DA21401BF6A57B00C474DB /* ChatTableViewCell.swift in Sources */,
				4944331C1BF54F020054CE82 /* MealSelectTableViewController.swift in Sources */,
			);
			runOnlyForDeploymentPostprocessing = 0;
		};
/* End PBXSourcesBuildPhase section */

/* Begin PBXTargetDependency section */
		49A37E4F1BFD98F800593BF9 /* PBXTargetDependency */ = {
			isa = PBXTargetDependency;
			name = "Charts-iOS";
			targetProxy = 49A37E4E1BFD98F800593BF9 /* PBXContainerItemProxy */;
		};
/* End PBXTargetDependency section */

/* Begin PBXVariantGroup section */
		494432F21BF53D0B0054CE82 /* Main.storyboard */ = {
			isa = PBXVariantGroup;
			children = (
				494432F31BF53D0B0054CE82 /* Base */,
			);
			name = Main.storyboard;
			sourceTree = "<group>";
		};
		494432F71BF53D0B0054CE82 /* LaunchScreen.storyboard */ = {
			isa = PBXVariantGroup;
			children = (
				494432F81BF53D0B0054CE82 /* Base */,
			);
			name = LaunchScreen.storyboard;
			sourceTree = "<group>";
		};
/* End PBXVariantGroup section */

/* Begin XCBuildConfiguration section */
		494432FB1BF53D0B0054CE82 /* Debug */ = {
			isa = XCBuildConfiguration;
			buildSettings = {
				ALWAYS_SEARCH_USER_PATHS = NO;
				CLANG_CXX_LANGUAGE_STANDARD = "gnu++0x";
				CLANG_CXX_LIBRARY = "libc++";
				CLANG_ENABLE_MODULES = YES;
				CLANG_ENABLE_OBJC_ARC = YES;
				CLANG_WARN_BOOL_CONVERSION = YES;
				CLANG_WARN_CONSTANT_CONVERSION = YES;
				CLANG_WARN_DIRECT_OBJC_ISA_USAGE = YES_ERROR;
				CLANG_WARN_EMPTY_BODY = YES;
				CLANG_WARN_ENUM_CONVERSION = YES;
				CLANG_WARN_INT_CONVERSION = YES;
				CLANG_WARN_OBJC_ROOT_CLASS = YES_ERROR;
				CLANG_WARN_UNREACHABLE_CODE = YES;
				CLANG_WARN__DUPLICATE_METHOD_MATCH = YES;
				"CODE_SIGN_IDENTITY[sdk=iphoneos*]" = "iPhone Developer";
				COPY_PHASE_STRIP = NO;
				DEBUG_INFORMATION_FORMAT = dwarf;
				ENABLE_STRICT_OBJC_MSGSEND = YES;
				ENABLE_TESTABILITY = YES;
				GCC_C_LANGUAGE_STANDARD = gnu99;
				GCC_DYNAMIC_NO_PIC = NO;
				GCC_NO_COMMON_BLOCKS = YES;
				GCC_OPTIMIZATION_LEVEL = 0;
				GCC_PREPROCESSOR_DEFINITIONS = (
					"DEBUG=1",
					"$(inherited)",
				);
				GCC_WARN_64_TO_32_BIT_CONVERSION = YES;
				GCC_WARN_ABOUT_RETURN_TYPE = YES_ERROR;
				GCC_WARN_UNDECLARED_SELECTOR = YES;
				GCC_WARN_UNINITIALIZED_AUTOS = YES_AGGRESSIVE;
				GCC_WARN_UNUSED_FUNCTION = YES;
				GCC_WARN_UNUSED_VARIABLE = YES;
				IPHONEOS_DEPLOYMENT_TARGET = 9.1;
				MTL_ENABLE_DEBUG_INFO = YES;
				ONLY_ACTIVE_ARCH = YES;
				SDKROOT = iphoneos;
				SWIFT_OPTIMIZATION_LEVEL = "-Onone";
				TARGETED_DEVICE_FAMILY = "1,2";
			};
			name = Debug;
		};
		494432FC1BF53D0B0054CE82 /* Release */ = {
			isa = XCBuildConfiguration;
			buildSettings = {
				ALWAYS_SEARCH_USER_PATHS = NO;
				CLANG_CXX_LANGUAGE_STANDARD = "gnu++0x";
				CLANG_CXX_LIBRARY = "libc++";
				CLANG_ENABLE_MODULES = YES;
				CLANG_ENABLE_OBJC_ARC = YES;
				CLANG_WARN_BOOL_CONVERSION = YES;
				CLANG_WARN_CONSTANT_CONVERSION = YES;
				CLANG_WARN_DIRECT_OBJC_ISA_USAGE = YES_ERROR;
				CLANG_WARN_EMPTY_BODY = YES;
				CLANG_WARN_ENUM_CONVERSION = YES;
				CLANG_WARN_INT_CONVERSION = YES;
				CLANG_WARN_OBJC_ROOT_CLASS = YES_ERROR;
				CLANG_WARN_UNREACHABLE_CODE = YES;
				CLANG_WARN__DUPLICATE_METHOD_MATCH = YES;
				"CODE_SIGN_IDENTITY[sdk=iphoneos*]" = "iPhone Developer";
				COPY_PHASE_STRIP = NO;
				DEBUG_INFORMATION_FORMAT = "dwarf-with-dsym";
				ENABLE_NS_ASSERTIONS = NO;
				ENABLE_STRICT_OBJC_MSGSEND = YES;
				GCC_C_LANGUAGE_STANDARD = gnu99;
				GCC_NO_COMMON_BLOCKS = YES;
				GCC_WARN_64_TO_32_BIT_CONVERSION = YES;
				GCC_WARN_ABOUT_RETURN_TYPE = YES_ERROR;
				GCC_WARN_UNDECLARED_SELECTOR = YES;
				GCC_WARN_UNINITIALIZED_AUTOS = YES_AGGRESSIVE;
				GCC_WARN_UNUSED_FUNCTION = YES;
				GCC_WARN_UNUSED_VARIABLE = YES;
				IPHONEOS_DEPLOYMENT_TARGET = 9.1;
				MTL_ENABLE_DEBUG_INFO = NO;
				SDKROOT = iphoneos;
				TARGETED_DEVICE_FAMILY = "1,2";
				VALIDATE_PRODUCT = YES;
			};
			name = Release;
		};
		494432FE1BF53D0B0054CE82 /* Debug */ = {
			isa = XCBuildConfiguration;
			buildSettings = {
				ASSETCATALOG_COMPILER_APPICON_NAME = AppIcon;
				EMBEDDED_CONTENT_CONTAINS_SWIFT = YES;
				INFOPLIST_FILE = nutrigood/Info.plist;
				LD_RUNPATH_SEARCH_PATHS = "$(inherited) @executable_path/Frameworks";
				PRODUCT_BUNDLE_IDENTIFIER = com.andrewbfang.nutrigood;
				PRODUCT_NAME = "$(TARGET_NAME)";
			};
			name = Debug;
		};
		494432FF1BF53D0B0054CE82 /* Release */ = {
			isa = XCBuildConfiguration;
			buildSettings = {
				ASSETCATALOG_COMPILER_APPICON_NAME = AppIcon;
				EMBEDDED_CONTENT_CONTAINS_SWIFT = YES;
				INFOPLIST_FILE = nutrigood/Info.plist;
				LD_RUNPATH_SEARCH_PATHS = "$(inherited) @executable_path/Frameworks";
				PRODUCT_BUNDLE_IDENTIFIER = com.andrewbfang.nutrigood;
				PRODUCT_NAME = "$(TARGET_NAME)";
			};
			name = Release;
		};
/* End XCBuildConfiguration section */

/* Begin XCConfigurationList section */
		494432E61BF53D0B0054CE82 /* Build configuration list for PBXProject "nutrigood" */ = {
			isa = XCConfigurationList;
			buildConfigurations = (
				494432FB1BF53D0B0054CE82 /* Debug */,
				494432FC1BF53D0B0054CE82 /* Release */,
			);
			defaultConfigurationIsVisible = 0;
			defaultConfigurationName = Release;
		};
		494432FD1BF53D0B0054CE82 /* Build configuration list for PBXNativeTarget "nutrigood" */ = {
			isa = XCConfigurationList;
			buildConfigurations = (
				494432FE1BF53D0B0054CE82 /* Debug */,
				494432FF1BF53D0B0054CE82 /* Release */,
			);
			defaultConfigurationIsVisible = 0;
			defaultConfigurationName = Release;
		};
/* End XCConfigurationList section */
	};
	rootObject = 494432E31BF53D0B0054CE82 /* Project object */;
}
